
Microsoft Visual Studio Solution File, Format Version 12.00
# Visual Studio Version 17
VisualStudioVersion = 17.6.33829.357
MinimumVisualStudioVersion = 10.0.40219.1
Project("{FAE04EC0-301F-11D3-BF4B-00C04F79EFBC}") = "ParcialUno", "ParcialUno\ParcialUno.csproj", "{FFFDEF39-1EB9-4822-8BFB-5CADD0CA06CB}"
EndProject
Global
	GlobalSection(SolutionConfigurationPlatforms) = preSolution
		Debug|Any CPU = Debug|Any CPU
		Release|Any CPU = Release|Any CPU
	EndGlobalSection
	GlobalSection(ProjectConfigurationPlatforms) = postSolution
		{FFFDEF39-1EB9-4822-8BFB-5CADD0CA06CB}.Debug|Any CPU.ActiveCfg = Debug|Any CPU
		{FFFDEF39-1EB9-4822-8BFB-5CADD0CA06CB}.Debug|Any CPU.Build.0 = Debug|Any CPU
		{FFFDEF39-1EB9-4822-8BFB-5CADD0CA06CB}.Release|Any CPU.ActiveCfg = Release|Any CPU
		{FFFDEF39-1EB9-4822-8BFB-5CADD0CA06CB}.Release|Any CPU.Build.0 = Release|Any CPU
	EndGlobalSection
	GlobalSection(SolutionProperties) = preSolution
		HideSolutionNode = FALSE
	EndGlobalSection
	GlobalSection(ExtensibilityGlobals) = postSolution
		SolutionGuid = {01F41528-90C8-445C-A45E-A16E51D94D77}
	EndGlobalSection
EndGlobal
